
Microsoft Visual Studio Solution File, Format Version 12.00
# Visual Studio Version 16
VisualStudioVersion = 16.0.31624.102
MinimumVisualStudioVersion = 10.0.40219.1
Project("{FAE04EC0-301F-11D3-BF4B-00C04F79EFBC}") = "ConsoleApp33", "ConsoleApp33.csproj", "{6ECE6EA8-163E-4732-BA66-D941AF9702C1}"
EndProject
Global
	GlobalSection(SolutionConfigurationPlatforms) = preSolution
		Debug|Any CPU = Debug|Any CPU
		Release|Any CPU = Release|Any CPU
	EndGlobalSection
	GlobalSection(ProjectConfigurationPlatforms) = postSolution
		{6ECE6EA8-163E-4732-BA66-D941AF9702C1}.Debug|Any CPU.ActiveCfg = Debug|Any CPU
		{6ECE6EA8-163E-4732-BA66-D941AF9702C1}.Debug|Any CPU.Build.0 = Debug|Any CPU
		{6ECE6EA8-163E-4732-BA66-D941AF9702C1}.Release|Any CPU.ActiveCfg = Release|Any CPU
		{6ECE6EA8-163E-4732-BA66-D941AF9702C1}.Release|Any CPU.Build.0 = Release|Any CPU
	EndGlobalSection
	GlobalSection(SolutionProperties) = preSolution
		HideSolutionNode = FALSE
	EndGlobalSection
	GlobalSection(ExtensibilityGlobals) = postSolution
		SolutionGuid = {3E6D9717-47DA-4A5D-9EB4-E8839B62F610}
	EndGlobalSection
EndGlobal
